
Microsoft Visual Studio Solution File, Format Version 12.00
# Visual Studio 2013
VisualStudioVersion = 12.0.30501.0
MinimumVisualStudioVersion = 10.0.40219.1
Project("{FAE04EC0-301F-11D3-BF4B-00C04F79EFBC}") = "DSS", "DSS\DSS.csproj", "{24E3E699-527E-4DBF-A206-78741584524F}"
EndProject
Project("{FAE04EC0-301F-11D3-BF4B-00C04F79EFBC}") = "DSS.Server", "DSS.Server\DSS.Server.csproj", "{E432CBB7-EE57-476E-A2FB-E51C649D5ED5}"
EndProject
Project("{FAE04EC0-301F-11D3-BF4B-00C04F79EFBC}") = "DSS.Client", "DSS.Client\DSS.Client.csproj", "{6942632E-553C-4EC1-B176-CA8175807786}"
EndProject
Global
	GlobalSection(SubversionScc) = preSolution
		Svn-Managed = True
		Manager = AnkhSVN - Subversion Support for Visual Studio
	EndGlobalSection
	GlobalSection(SolutionConfigurationPlatforms) = preSolution
		Debug|Any CPU = Debug|Any CPU
		Release|Any CPU = Release|Any CPU
	EndGlobalSection
	GlobalSection(ProjectConfigurationPlatforms) = postSolution
		{24E3E699-527E-4DBF-A206-78741584524F}.Debug|Any CPU.ActiveCfg = Debug|Any CPU
		{24E3E699-527E-4DBF-A206-78741584524F}.Debug|Any CPU.Build.0 = Debug|Any CPU
		{24E3E699-527E-4DBF-A206-78741584524F}.Release|Any CPU.ActiveCfg = Release|Any CPU
		{24E3E699-527E-4DBF-A206-78741584524F}.Release|Any CPU.Build.0 = Release|Any CPU
		{E432CBB7-EE57-476E-A2FB-E51C649D5ED5}.Debug|Any CPU.ActiveCfg = Debug|Any CPU
		{E432CBB7-EE57-476E-A2FB-E51C649D5ED5}.Debug|Any CPU.Build.0 = Debug|Any CPU
		{E432CBB7-EE57-476E-A2FB-E51C649D5ED5}.Release|Any CPU.ActiveCfg = Release|Any CPU
		{E432CBB7-EE57-476E-A2FB-E51C649D5ED5}.Release|Any CPU.Build.0 = Release|Any CPU
		{6942632E-553C-4EC1-B176-CA8175807786}.Debug|Any CPU.ActiveCfg = Debug|Any CPU
		{6942632E-553C-4EC1-B176-CA8175807786}.Debug|Any CPU.Build.0 = Debug|Any CPU
		{6942632E-553C-4EC1-B176-CA8175807786}.Release|Any CPU.ActiveCfg = Release|Any CPU
		{6942632E-553C-4EC1-B176-CA8175807786}.Release|Any CPU.Build.0 = Release|Any CPU
	EndGlobalSection
	GlobalSection(SolutionProperties) = preSolution
		HideSolutionNode = FALSE
	EndGlobalSection
EndGlobal
